<?xml version="1.0" encoding="utf-8"?>
<Project ToolsVersion="4.0" xmlns="http://schemas.microsoft.com/developer/msbuild/2003">
  <ItemGroup>
    <Filter Include="SMB1">
      <UniqueIdentifier>{e4f77065-7d13-4d0f-afc9-38039d898817}</UniqueIdentifier>
    </Filter>
    <Filter Include="SMB1\Maps">
      <UniqueIdentifier>{6e42c9ae-48a3-4b99-8719-c5afa2dfb66e}</UniqueIdentifier>
    </Filter>
    <Filter Include="SMB1\Levels">
      <UniqueIdentifier>{5a683c3f-9ce5-4ca0-9655-b62300a07c89}</UniqueIdentifier>
    </Filter>
    <Filter Include="SMB1\Map16">
      <UniqueIdentifier>{09eaed09-41a8-43c7-a5b4-fb030b7c2b1a}</UniqueIdentifier>
    </Filter>
    <Filter Include="SMB1\Palette">
      <UniqueIdentifier>{eb7d9cce-f5a9-4c7b-97af-a6ad925150c2}</UniqueIdentifier>
    </Filter>
    <Filter Include="SMB1\GFX">
      <UniqueIdentifier>{24839cd0-2b1b-44d9-9a9b-adbe722ac115}</UniqueIdentifier>
    </Filter>
    <Filter Include="SMB1\Maps\Enemy">
      <UniqueIdentifier>{3880b74a-5994-491b-8a7a-0a25b1f5a1ff}</UniqueIdentifier>
    </Filter>
    <Filter Include="SMB1\Levels\Tiles">
      <UniqueIdentifier>{1007e35d-0304-4b53-aeda-c87ad838be71}</UniqueIdentifier>
    </Filter>
    <Filter Include="SMB1\Maps\Enemy\Default">
      <UniqueIdentifier>{340c13df-f1bc-4cf8-ade7-ac6442780995}</UniqueIdentifier>
    </Filter>
    <Filter Include="SMB1\GFX\Default">
      <UniqueIdentifier>{6ec4fb43-5204-47e5-8fa4-ddd03e199c17}</UniqueIdentifier>
    </Filter>
    <Filter Include="SMB1\Map16\Default">
      <UniqueIdentifier>{cbcb7fa9-9fdd-48b2-9673-aa2d91b87df0}</UniqueIdentifier>
    </Filter>
    <Filter Include="SMB1\Maps\Default">
      <UniqueIdentifier>{a9a00de1-aaef-4f6f-b044-e77b6f980ed4}</UniqueIdentifier>
    </Filter>
    <Filter Include="SMB1\Maps\Tables">
      <UniqueIdentifier>{76e9c1c2-db52-4b18-a9ba-a9242a8a4157}</UniqueIdentifier>
    </Filter>
    <Filter Include="SMB1\GFX\Tables">
      <UniqueIdentifier>{f1386c69-b000-4076-b6c4-fba26ef9c1fa}</UniqueIdentifier>
    </Filter>
    <Filter Include="SMB1\Palette\Default">
      <UniqueIdentifier>{1d814355-f380-454f-bf41-ba52572d4655}</UniqueIdentifier>
    </Filter>
  </ItemGroup>
  <ItemGroup>
    <None Include="smb1\defs.asm">
      <Filter>SMB1</Filter>
    </None>
    <None Include="smb1\maps\Maps.asm">
      <Filter>SMB1\Maps</Filter>
    </None>
    <None Include="smb1\levels\Levels.asm">
      <Filter>SMB1\Levels</Filter>
    </None>
    <None Include="smb1\map16\Map16.asm">
      <Filter>SMB1\Map16</Filter>
    </None>
    <None Include="smb1\palette\Palette.asm">
      <Filter>SMB1\Palette</Filter>
    </None>
    <None Include="smb1\gfx\GFX.asm">
      <Filter>SMB1\GFX</Filter>
    </None>
    <None Include="smb1\gfx\Files.asm">
      <Filter>SMB1\GFX</Filter>
    </None>
    <None Include="smb1\palette\Files.asm">
      <Filter>SMB1\Palette</Filter>
    </None>
    <None Include="smb1\maps\Files.asm">
      <Filter>SMB1\Maps</Filter>
    </None>
    <None Include="smb1\maps\enemy\Files.asm">
      <Filter>SMB1\Maps\Enemy</Filter>
    </None>
    <None Include="smb1\gfx\Files_Locs.asm">
      <Filter>SMB1\GFX</Filter>
    </None>
    <None Include="smb1\maps\enemy\Files_Locs.asm">
      <Filter>SMB1\Maps\Enemy</Filter>
    </None>
    <None Include="smb1\maps\Files_Locs.asm">
      <Filter>SMB1\Maps</Filter>
    </None>
    <None Include="smb1\maps\Files_Ptrs.asm">
      <Filter>SMB1\Maps</Filter>
    </None>
    <None Include="smb1\maps\enemy\Files_Ptrs.asm">
      <Filter>SMB1\Maps\Enemy</Filter>
    </None>
    <None Include="smb1\gfx\LZ2.asm">
      <Filter>SMB1\GFX</Filter>
    </None>
    <None Include="smb1\SMB1.asm">
      <Filter>SMB1</Filter>
    </None>
    <None Include="smb1\gfx\Static.asm">
      <Filter>SMB1\GFX</Filter>
    </None>
    <None Include="smb1\maps\Static.asm">
      <Filter>SMB1\Maps</Filter>
    </None>
    <None Include="smb1\levels\Static.asm">
      <Filter>SMB1\Levels</Filter>
    </None>
    <None Include="smb1\gfx\Tables.asm">
      <Filter>SMB1\Levels</Filter>
    </None>
    <None Include="smas.asm" />
    <None Include="smb1\levels\tiles\Castle.bin">
      <Filter>SMB1\Levels\Tiles</Filter>
    </None>
    <None Include="smb1\levels\tiles\CastleStairs.bin">
      <Filter>SMB1\Levels\Tiles</Filter>
    </None>
    <None Include="smb1\maps\enemy\default\Enemy00.bin">
      <Filter>SMB1\Maps\Enemy\Default</Filter>
    </None>
    <None Include="smb1\maps\enemy\default\Enemy01.bin">
      <Filter>SMB1\Maps\Enemy\Default</Filter>
    </None>
    <None Include="smb1\maps\enemy\default\Enemy02.bin">
      <Filter>SMB1\Maps\Enemy\Default</Filter>
    </None>
    <None Include="smb1\maps\enemy\default\Enemy20.bin">
      <Filter>SMB1\Maps\Enemy\Default</Filter>
    </None>
    <None Include="smb1\maps\enemy\default\Enemy21.bin">
      <Filter>SMB1\Maps\Enemy\Default</Filter>
    </None>
    <None Include="smb1\maps\enemy\default\Enemy22.bin">
      <Filter>SMB1\Maps\Enemy\Default</Filter>
    </None>
    <None Include="smb1\maps\enemy\default\Enemy23.bin">
      <Filter>SMB1\Maps\Enemy\Default</Filter>
    </None>
    <None Include="smb1\maps\enemy\default\Enemy24.bin">
      <Filter>SMB1\Maps\Enemy\Default</Filter>
    </None>
    <None Include="smb1\maps\enemy\default\Enemy25.bin">
      <Filter>SMB1\Maps\Enemy\Default</Filter>
    </None>
    <None Include="smb1\maps\enemy\default\Enemy26.bin">
      <Filter>SMB1\Maps\Enemy\Default</Filter>
    </None>
    <None Include="smb1\maps\enemy\default\Enemy27.bin">
      <Filter>SMB1\Maps\Enemy\Default</Filter>
    </None>
    <None Include="smb1\maps\enemy\default\Enemy28.bin">
      <Filter>SMB1\Maps\Enemy\Default</Filter>
    </None>
    <None Include="smb1\maps\enemy\default\Enemy29.bin">
      <Filter>SMB1\Maps\Enemy\Default</Filter>
    </None>
    <None Include="smb1\maps\enemy\default\Enemy2A.bin">
      <Filter>SMB1\Maps\Enemy\Default</Filter>
    </None>
    <None Include="smb1\maps\enemy\default\Enemy2B.bin">
      <Filter>SMB1\Maps\Enemy\Default</Filter>
    </None>
    <None Include="smb1\maps\enemy\default\Enemy2C.bin">
      <Filter>SMB1\Maps\Enemy\Default</Filter>
    </None>
    <None Include="smb1\maps\enemy\default\Enemy2D.bin">
      <Filter>SMB1\Maps\Enemy\Default</Filter>
    </None>
    <None Include="smb1\maps\enemy\default\Enemy2E.bin">
      <Filter>SMB1\Maps\Enemy\Default</Filter>
    </None>
    <None Include="smb1\maps\enemy\default\Enemy2F.bin">
      <Filter>SMB1\Maps\Enemy\Default</Filter>
    </None>
    <None Include="smb1\maps\enemy\default\Enemy30.bin">
      <Filter>SMB1\Maps\Enemy\Default</Filter>
    </None>
    <None Include="smb1\maps\enemy\default\Enemy31.bin">
      <Filter>SMB1\Maps\Enemy\Default</Filter>
    </None>
    <None Include="smb1\maps\enemy\default\Enemy32.bin">
      <Filter>SMB1\Maps\Enemy\Default</Filter>
    </None>
    <None Include="smb1\maps\enemy\default\Enemy33.bin">
      <Filter>SMB1\Maps\Enemy\Default</Filter>
    </None>
    <None Include="smb1\maps\enemy\default\Enemy34.bin">
      <Filter>SMB1\Maps\Enemy\Default</Filter>
    </None>
    <None Include="smb1\maps\enemy\default\Enemy35.bin">
      <Filter>SMB1\Maps\Enemy\Default</Filter>
    </None>
    <None Include="smb1\maps\enemy\default\Enemy40.bin">
      <Filter>SMB1\Maps\Enemy\Default</Filter>
    </None>
    <None Include="smb1\maps\enemy\default\Enemy41.bin">
      <Filter>SMB1\Maps\Enemy\Default</Filter>
    </None>
    <None Include="smb1\maps\enemy\default\Enemy42.bin">
      <Filter>SMB1\Maps\Enemy\Default</Filter>
    </None>
    <None Include="smb1\maps\enemy\default\Enemy60.bin">
      <Filter>SMB1\Maps\Enemy\Default</Filter>
    </None>
    <None Include="smb1\maps\enemy\default\Enemy61.bin">
      <Filter>SMB1\Maps\Enemy\Default</Filter>
    </None>
    <None Include="smb1\maps\enemy\default\Enemy62.bin">
      <Filter>SMB1\Maps\Enemy\Default</Filter>
    </None>
    <None Include="smb1\maps\enemy\default\Enemy63.bin">
      <Filter>SMB1\Maps\Enemy\Default</Filter>
    </None>
    <None Include="smb1\maps\enemy\default\Enemy64.bin">
      <Filter>SMB1\Maps\Enemy\Default</Filter>
    </None>
    <None Include="smb1\maps\enemy\default\Enemy65.bin">
      <Filter>SMB1\Maps\Enemy\Default</Filter>
    </None>
    <None Include="smb1\gfx\default\GFX00.lz2">
      <Filter>SMB1\GFX\Default</Filter>
    </None>
    <None Include="smb1\gfx\default\GFX01.lz2">
      <Filter>SMB1\GFX\Default</Filter>
    </None>
    <None Include="smb1\gfx\default\GFX03.lz2">
      <Filter>SMB1\GFX\Default</Filter>
    </None>
    <None Include="smb1\gfx\default\GFX02.lz2">
      <Filter>SMB1\GFX\Default</Filter>
    </None>
    <None Include="smb1\gfx\default\GFX04.lz2">
      <Filter>SMB1\GFX\Default</Filter>
    </None>
    <None Include="smb1\gfx\default\GFX05.lz2">
      <Filter>SMB1\GFX\Default</Filter>
    </None>
    <None Include="smb1\gfx\default\GFX06.lz2">
      <Filter>SMB1\GFX\Default</Filter>
    </None>
    <None Include="smb1\gfx\default\GFX07.lz2">
      <Filter>SMB1\GFX\Default</Filter>
    </None>
    <None Include="smb1\gfx\default\GFX08.lz2">
      <Filter>SMB1\GFX\Default</Filter>
    </None>
    <None Include="smb1\gfx\default\GFX09.lz2">
      <Filter>SMB1\GFX\Default</Filter>
    </None>
    <None Include="smb1\gfx\default\GFX0A.lz2">
      <Filter>SMB1\GFX\Default</Filter>
    </None>
    <None Include="smb1\gfx\default\GFX0B.lz2">
      <Filter>SMB1\GFX\Default</Filter>
    </None>
    <None Include="smb1\gfx\default\GFX0C.lz2">
      <Filter>SMB1\GFX\Default</Filter>
    </None>
    <None Include="smb1\gfx\default\GFX0D.lz2">
      <Filter>SMB1\GFX\Default</Filter>
    </None>
    <None Include="smb1\gfx\default\GFX0E.lz2">
      <Filter>SMB1\GFX\Default</Filter>
    </None>
    <None Include="smb1\gfx\default\GFX0F.lz2">
      <Filter>SMB1\GFX\Default</Filter>
    </None>
    <None Include="smb1\gfx\default\GFX10.lz2">
      <Filter>SMB1\GFX\Default</Filter>
    </None>
    <None Include="smb1\gfx\default\GFX11.lz2">
      <Filter>SMB1\GFX\Default</Filter>
    </None>
    <None Include="smb1\gfx\default\GFX12.lz2">
      <Filter>SMB1\GFX\Default</Filter>
    </None>
    <None Include="smb1\gfx\default\GFX13.lz2">
      <Filter>SMB1\GFX\Default</Filter>
    </None>
    <None Include="smb1\gfx\default\GFX14.lz2">
      <Filter>SMB1\GFX\Default</Filter>
    </None>
    <None Include="smb1\gfx\default\GFX15.lz2">
      <Filter>SMB1\GFX\Default</Filter>
    </None>
    <None Include="smb1\gfx\default\GFX16.lz2">
      <Filter>SMB1\GFX\Default</Filter>
    </None>
    <None Include="smb1\gfx\default\GFX17.lz2">
      <Filter>SMB1\GFX\Default</Filter>
    </None>
    <None Include="smb1\gfx\default\GFX18.lz2">
      <Filter>SMB1\GFX\Default</Filter>
    </None>
    <None Include="smb1\gfx\default\GFX19.lz2">
      <Filter>SMB1\GFX\Default</Filter>
    </None>
    <None Include="smb1\gfx\default\GFX1B.lz2">
      <Filter>SMB1\GFX\Default</Filter>
    </None>
    <None Include="smb1\gfx\default\GFX1A.lz2">
      <Filter>SMB1\GFX\Default</Filter>
    </None>
    <None Include="smb1\gfx\default\GFX1C.lz2">
      <Filter>SMB1\GFX\Default</Filter>
    </None>
    <None Include="smb1\gfx\default\GFX1E.lz2">
      <Filter>SMB1\GFX\Default</Filter>
    </None>
    <None Include="smb1\gfx\default\GFX1D.lz2">
      <Filter>SMB1\GFX\Default</Filter>
    </None>
    <None Include="smb1\gfx\default\GFX1F.lz2">
      <Filter>SMB1\GFX\Default</Filter>
    </None>
    <None Include="smb1\gfx\default\GFX20.lz2">
      <Filter>SMB1\GFX\Default</Filter>
    </None>
    <None Include="smb1\gfx\default\GFX21.lz2">
      <Filter>SMB1\GFX\Default</Filter>
    </None>
    <None Include="smb1\gfx\default\GFX22.lz2">
      <Filter>SMB1\GFX\Default</Filter>
    </None>
    <None Include="smb1\gfx\default\GFX23.lz2">
      <Filter>SMB1\GFX\Default</Filter>
    </None>
    <None Include="smb1\gfx\default\GFX24.lz2">
      <Filter>SMB1\GFX\Default</Filter>
    </None>
    <None Include="smb1\gfx\default\GFX25.lz2">
      <Filter>SMB1\GFX\Default</Filter>
    </None>
    <None Include="smb1\gfx\default\GFX26.lz2">
      <Filter>SMB1\GFX\Default</Filter>
    </None>
    <None Include="smb1\gfx\default\GFX27.lz2">
      <Filter>SMB1\GFX\Default</Filter>
    </None>
    <None Include="smb1\gfx\default\GFX28.lz2">
      <Filter>SMB1\GFX\Default</Filter>
    </None>
    <None Include="smb1\gfx\default\GFX29.lz2">
      <Filter>SMB1\GFX\Default</Filter>
    </None>
    <None Include="smb1\gfx\default\GFX2A.lz2">
      <Filter>SMB1\GFX\Default</Filter>
    </None>
    <None Include="smb1\gfx\default\GFX2B.lz2">
      <Filter>SMB1\GFX\Default</Filter>
    </None>
    <None Include="smb1\levels\tiles\LongL-Pipe.bin">
      <Filter>SMB1\Levels\Tiles</Filter>
    </None>
    <None Include="smb1\levels\tiles\L-Pipe.bin">
      <Filter>SMB1\Levels\Tiles</Filter>
    </None>
    <None Include="smb1\levels\tiles\IslandCap.bin">
      <Filter>SMB1\Levels\Tiles</Filter>
    </None>
    <None Include="smb1\levels\tiles\HorizontalObjects.bin">
      <Filter>SMB1\Levels\Tiles</Filter>
    </None>
    <None Include="smb1\levels\tiles\GroundObjects.bin">
      <Filter>SMB1\Levels\Tiles</Filter>
    </None>
    <None Include="smb1\gfx\Files_Ptrs.asm">
      <Filter>SMB1\GFX</Filter>
    </None>
    <None Include="smb1\map16\default\Map16.bin">
      <Filter>SMB1\Map16\Default</Filter>
    </None>
    <None Include="smb1\map16\default\Map16G.bin">
      <Filter>SMB1\Map16\Default</Filter>
    </None>
    <None Include="smb1\maps\default\Map25.bin">
      <Filter>SMB1\Maps\Default</Filter>
    </None>
    <None Include="smb1\maps\tables\MaxWorlds.bin">
      <Filter>SMB1\Maps\Tables</Filter>
    </None>
    <None Include="smb1\maps\tables\MaxLevels.bin">
      <Filter>SMB1\Maps\Tables</Filter>
    </None>
    <None Include="smb1\maps\tables\Maps.bin">
      <Filter>SMB1\Maps\Tables</Filter>
    </None>
    <None Include="smb1\gfx\tables\Object1.bin">
      <Filter>SMB1\GFX\Tables</Filter>
    </None>
    <None Include="smb1\gfx\tables\Object2.bin">
      <Filter>SMB1\GFX\Tables</Filter>
    </None>
    <None Include="smb1\gfx\tables\Object3.bin">
      <Filter>SMB1\GFX\Tables</Filter>
    </None>
    <None Include="smb1\gfx\tables\Object4.bin">
      <Filter>SMB1\GFX\Tables</Filter>
    </None>
    <None Include="smb1\gfx\tables\Object5.bin">
      <Filter>SMB1\GFX\Tables</Filter>
    </None>
    <None Include="smb1\palette\default\Palette00.bin">
      <Filter>SMB1\Palette\Default</Filter>
    </None>
    <None Include="smb1\palette\default\Palette01.bin">
      <Filter>SMB1\Palette\Default</Filter>
    </None>
    <None Include="smb1\palette\default\Palette02.bin">
      <Filter>SMB1\Palette\Default</Filter>
    </None>
    <None Include="smb1\palette\default\Palette20.bin">
      <Filter>SMB1\Palette\Default</Filter>
    </None>
    <None Include="smb1\palette\default\Palette21.bin">
      <Filter>SMB1\Palette\Default</Filter>
    </None>
    <None Include="smb1\palette\default\Palette22.bin">
      <Filter>SMB1\Palette\Default</Filter>
    </None>
    <None Include="smb1\palette\default\Palette23.bin">
      <Filter>SMB1\Palette\Default</Filter>
    </None>
    <None Include="smb1\palette\default\Palette24.bin">
      <Filter>SMB1\Palette\Default</Filter>
    </None>
    <None Include="smb1\palette\default\Palette25.bin">
      <Filter>SMB1\Palette\Default</Filter>
    </None>
    <None Include="smb1\palette\default\Palette26.bin">
      <Filter>SMB1\Palette\Default</Filter>
    </None>
    <None Include="smb1\palette\default\Palette27.bin">
      <Filter>SMB1\Palette\Default</Filter>
    </None>
    <None Include="smb1\palette\default\Palette28.bin">
      <Filter>SMB1\Palette\Default</Filter>
    </None>
    <None Include="smb1\palette\default\Palette29.bin">
      <Filter>SMB1\Palette\Default</Filter>
    </None>
    <None Include="smb1\palette\default\Palette2A.bin">
      <Filter>SMB1\Palette\Default</Filter>
    </None>
    <None Include="smb1\palette\default\Palette2C.bin">
      <Filter>SMB1\Palette\Default</Filter>
    </None>
    <None Include="smb1\palette\default\Palette2B.bin">
      <Filter>SMB1\Palette\Default</Filter>
    </None>
    <None Include="smb1\palette\default\Palette2D.bin">
      <Filter>SMB1\Palette\Default</Filter>
    </None>
    <None Include="smb1\palette\default\Palette2E.bin">
      <Filter>SMB1\Palette\Default</Filter>
    </None>
    <None Include="smb1\palette\default\Palette2F.bin">
      <Filter>SMB1\Palette\Default</Filter>
    </None>
    <None Include="smb1\palette\default\Palette30.bin">
      <Filter>SMB1\Palette\Default</Filter>
    </None>
    <None Include="smb1\palette\default\Palette31.bin">
      <Filter>SMB1\Palette\Default</Filter>
    </None>
    <None Include="smb1\palette\default\Palette32.bin">
      <Filter>SMB1\Palette\Default</Filter>
    </None>
    <None Include="smb1\palette\default\Palette33.bin">
      <Filter>SMB1\Palette\Default</Filter>
    </None>
    <None Include="smb1\palette\default\Palette34.bin">
      <Filter>SMB1\Palette\Default</Filter>
    </None>
    <None Include="smb1\palette\default\Palette40.bin">
      <Filter>SMB1\Palette\Default</Filter>
    </None>
    <None Include="smb1\palette\default\Palette35.bin">
      <Filter>SMB1\Palette\Default</Filter>
    </None>
    <None Include="smb1\palette\default\Palette41.bin">
      <Filter>SMB1\Palette\Default</Filter>
    </None>
    <None Include="smb1\palette\default\Palette42.bin">
      <Filter>SMB1\Palette\Default</Filter>
    </None>
    <None Include="smb1\palette\default\Palette60.bin">
      <Filter>SMB1\Palette\Default</Filter>
    </None>
    <None Include="smb1\palette\default\Palette61.bin">
      <Filter>SMB1\Palette\Default</Filter>
    </None>
    <None Include="smb1\palette\default\Palette63.bin">
      <Filter>SMB1\Palette\Default</Filter>
    </None>
    <None Include="smb1\palette\default\Palette62.bin">
      <Filter>SMB1\Palette\Default</Filter>
    </None>
    <None Include="smb1\palette\default\Palette64.bin">
      <Filter>SMB1\Palette\Default</Filter>
    </None>
    <None Include="smb1\palette\default\Palette65.bin">
      <Filter>SMB1\Palette\Default</Filter>
    </None>
    <None Include="smb1\levels\tiles\Pipes.bin">
      <Filter>SMB1\Levels\Tiles</Filter>
    </None>
    <None Include="smb1\palette\default\Player.bin">
      <Filter>SMB1\Palette\Default</Filter>
    </None>
    <None Include="smb1\levels\tiles\SingleTileObjects.bin">
      <Filter>SMB1\Levels\Tiles</Filter>
    </None>
    <None Include="smb1\levels\tiles\Rectangular.bin">
      <Filter>SMB1\Levels\Tiles</Filter>
    </None>
    <None Include="smb1\gfx\tables\Sprite1.bin">
      <Filter>SMB1\GFX\Tables</Filter>
    </None>
    <None Include="smb1\gfx\tables\Sprite2.bin">
      <Filter>SMB1\GFX\Tables</Filter>
    </None>
    <None Include="smb1\gfx\tables\Sprite3.bin">
      <Filter>SMB1\GFX\Tables</Filter>
    </None>
    <None Include="smb1\gfx\tables\Sprite4.bin">
      <Filter>SMB1\GFX\Tables</Filter>
    </None>
    <None Include="smb1\gfx\tables\Static.bin">
      <Filter>SMB1\GFX\Tables</Filter>
    </None>
  </ItemGroup>
</Project>